// !$*UTF8*$!
{
	archiveVersion = 1;
	classes = {
	};
	objectVersion = 52;
	objects = {

/* Begin PBXBuildFile section */
		03275805237D748A00407204 /* BaseViewController.swift in Sources */ = {isa = PBXBuildFile; fileRef = 03275804237D748A00407204 /* BaseViewController.swift */; };
		03275806237E46AB00407204 /* Transitioning.framework in Frameworks */ = {isa = PBXBuildFile; fileRef = 03CA3FB3229A6ED900595EAB /* Transitioning.framework */; };
		03275807237E46AB00407204 /* Transitioning.framework in Embed Frameworks */ = {isa = PBXBuildFile; fileRef = 03CA3FB3229A6ED900595EAB /* Transitioning.framework */; settings = {ATTRIBUTES = (CodeSignOnCopy, RemoveHeadersOnCopy, ); }; };
		035BE8B1237D4B6800EA2C1B /* AppDelegate.swift in Sources */ = {isa = PBXBuildFile; fileRef = 035BE8B0237D4B6800EA2C1B /* AppDelegate.swift */; };
		035BE8B5237D4B6800EA2C1B /* ViewController.swift in Sources */ = {isa = PBXBuildFile; fileRef = 035BE8B4237D4B6800EA2C1B /* ViewController.swift */; };
		035BE8BA237D4B6A00EA2C1B /* Assets.xcassets in Resources */ = {isa = PBXBuildFile; fileRef = 035BE8B9237D4B6A00EA2C1B /* Assets.xcassets */; };
		035BE8BD237D4B6A00EA2C1B /* LaunchScreen.storyboard in Resources */ = {isa = PBXBuildFile; fileRef = 035BE8BB237D4B6A00EA2C1B /* LaunchScreen.storyboard */; };
		035BE8C9237D4D0E00EA2C1B /* libobjc.tbd in Frameworks */ = {isa = PBXBuildFile; fileRef = 035BE8C8237D4D0600EA2C1B /* libobjc.tbd */; platformFilter = ios; };
		035BE8CB237D4DBE00EA2C1B /* SecondViewController.swift in Sources */ = {isa = PBXBuildFile; fileRef = 035BE8CA237D4DBE00EA2C1B /* SecondViewController.swift */; };
		0397ED29229AEF8E00493CD4 /* PushAnimation.swift in Sources */ = {isa = PBXBuildFile; fileRef = 03CA3FCF229A6F0500595EAB /* PushAnimation.swift */; };
		0397ED2B229AEF8E00493CD4 /* UIView + extension.swift in Sources */ = {isa = PBXBuildFile; fileRef = 03CA3FD0229A6F0500595EAB /* UIView + extension.swift */; };
		0397ED2C229AEF8E00493CD4 /* UIViewController + Extension.swift in Sources */ = {isa = PBXBuildFile; fileRef = 03CA3FCD229A6F0500595EAB /* UIViewController + Extension.swift */; };
		03CA3FBD229A6EDA00595EAB /* Transitioning.framework in Frameworks */ = {isa = PBXBuildFile; fileRef = 03CA3FB3229A6ED900595EAB /* Transitioning.framework */; };
		03CA3FC2229A6EDA00595EAB /* TransitioningTests.swift in Sources */ = {isa = PBXBuildFile; fileRef = 03CA3FC1229A6EDA00595EAB /* TransitioningTests.swift */; };
		03CA3FC4229A6EDA00595EAB /* Transitioning.h in Headers */ = {isa = PBXBuildFile; fileRef = 03CA3FB6229A6EDA00595EAB /* Transitioning.h */; settings = {ATTRIBUTES = (Public, ); }; };
/* End PBXBuildFile section */

/* Begin PBXContainerItemProxy section */
		035BE8C5237D4BFE00EA2C1B /* PBXContainerItemProxy */ = {
			isa = PBXContainerItemProxy;
			containerPortal = 03CA3FAA229A6ED900595EAB /* Project object */;
			proxyType = 1;
			remoteGlobalIDString = 03CA3FB2229A6ED900595EAB;
			remoteInfo = Transitioning;
		};
		03CA3FBE229A6EDA00595EAB /* PBXContainerItemProxy */ = {
			isa = PBXContainerItemProxy;
			containerPortal = 03CA3FAA229A6ED900595EAB /* Project object */;
			proxyType = 1;
			remoteGlobalIDString = 03CA3FB2229A6ED900595EAB;
			remoteInfo = Transitioning;
		};
/* End PBXContainerItemProxy section */

/* Begin PBXCopyFilesBuildPhase section */
		03275808237E46AB00407204 /* Embed Frameworks */ = {
			isa = PBXCopyFilesBuildPhase;
			buildActionMask = 2147483647;
			dstPath = "";
			dstSubfolderSpec = 10;
			files = (
				03275807237E46AB00407204 /* Transitioning.framework in Embed Frameworks */,
			);
			name = "Embed Frameworks";
			runOnlyForDeploymentPostprocessing = 0;
		};
/* End PBXCopyFilesBuildPhase section */

/* Begin PBXFileReference section */
		03275804237D748A00407204 /* BaseViewController.swift */ = {isa = PBXFileReference; lastKnownFileType = sourcecode.swift; path = BaseViewController.swift; sourceTree = "<group>"; };
		035BE8AE237D4B6800EA2C1B /* TransitioningExample.app */ = {isa = PBXFileReference; explicitFileType = wrapper.application; includeInIndex = 0; path = TransitioningExample.app; sourceTree = BUILT_PRODUCTS_DIR; };
		035BE8B0237D4B6800EA2C1B /* AppDelegate.swift */ = {isa = PBXFileReference; lastKnownFileType = sourcecode.swift; path = AppDelegate.swift; sourceTree = "<group>"; };
		035BE8B4237D4B6800EA2C1B /* ViewController.swift */ = {isa = PBXFileReference; lastKnownFileType = sourcecode.swift; path = ViewController.swift; sourceTree = "<group>"; };
		035BE8B9237D4B6A00EA2C1B /* Assets.xcassets */ = {isa = PBXFileReference; lastKnownFileType = folder.assetcatalog; path = Assets.xcassets; sourceTree = "<group>"; };
		035BE8BC237D4B6A00EA2C1B /* Base */ = {isa = PBXFileReference; lastKnownFileType = file.storyboard; name = Base; path = Base.lproj/LaunchScreen.storyboard; sourceTree = "<group>"; };
		035BE8BE237D4B6A00EA2C1B /* Info.plist */ = {isa = PBXFileReference; lastKnownFileType = text.plist.xml; path = Info.plist; sourceTree = "<group>"; };
		035BE8C8237D4D0600EA2C1B /* libobjc.tbd */ = {isa = PBXFileReference; lastKnownFileType = "sourcecode.text-based-dylib-definition"; name = libobjc.tbd; path = Platforms/MacOSX.platform/Developer/SDKs/MacOSX10.15.sdk/usr/lib/libobjc.tbd; sourceTree = DEVELOPER_DIR; };
		035BE8CA237D4DBE00EA2C1B /* SecondViewController.swift */ = {isa = PBXFileReference; lastKnownFileType = sourcecode.swift; path = SecondViewController.swift; sourceTree = "<group>"; };
		03CA3FB3229A6ED900595EAB /* Transitioning.framework */ = {isa = PBXFileReference; explicitFileType = wrapper.framework; includeInIndex = 0; path = Transitioning.framework; sourceTree = BUILT_PRODUCTS_DIR; };
		03CA3FB6229A6EDA00595EAB /* Transitioning.h */ = {isa = PBXFileReference; lastKnownFileType = sourcecode.c.h; path = Transitioning.h; sourceTree = "<group>"; };
		03CA3FB7229A6EDA00595EAB /* Info.plist */ = {isa = PBXFileReference; lastKnownFileType = text.plist.xml; path = Info.plist; sourceTree = "<group>"; };
		03CA3FBC229A6EDA00595EAB /* TransitioningTests.xctest */ = {isa = PBXFileReference; explicitFileType = wrapper.cfbundle; includeInIndex = 0; path = TransitioningTests.xctest; sourceTree = BUILT_PRODUCTS_DIR; };
		03CA3FC1229A6EDA00595EAB /* TransitioningTests.swift */ = {isa = PBXFileReference; lastKnownFileType = sourcecode.swift; path = TransitioningTests.swift; sourceTree = "<group>"; };
		03CA3FC3229A6EDA00595EAB /* Info.plist */ = {isa = PBXFileReference; lastKnownFileType = text.plist.xml; path = Info.plist; sourceTree = "<group>"; };
		03CA3FCD229A6F0500595EAB /* UIViewController + Extension.swift */ = {isa = PBXFileReference; fileEncoding = 4; lastKnownFileType = sourcecode.swift; path = "UIViewController + Extension.swift"; sourceTree = "<group>"; };
		03CA3FCF229A6F0500595EAB /* PushAnimation.swift */ = {isa = PBXFileReference; fileEncoding = 4; lastKnownFileType = sourcecode.swift; path = PushAnimation.swift; sourceTree = "<group>"; };
		03CA3FD0229A6F0500595EAB /* UIView + extension.swift */ = {isa = PBXFileReference; fileEncoding = 4; lastKnownFileType = sourcecode.swift; path = "UIView + extension.swift"; sourceTree = "<group>"; };
/* End PBXFileReference section */

/* Begin PBXFrameworksBuildPhase section */
		035BE8AB237D4B6800EA2C1B /* Frameworks */ = {
			isa = PBXFrameworksBuildPhase;
			buildActionMask = 2147483647;
			files = (
				03275806237E46AB00407204 /* Transitioning.framework in Frameworks */,
			);
			runOnlyForDeploymentPostprocessing = 0;
		};
		03CA3FB0229A6ED900595EAB /* Frameworks */ = {
			isa = PBXFrameworksBuildPhase;
			buildActionMask = 2147483647;
			files = (
				035BE8C9237D4D0E00EA2C1B /* libobjc.tbd in Frameworks */,
			);
			runOnlyForDeploymentPostprocessing = 0;
		};
		03CA3FB9229A6EDA00595EAB /* Frameworks */ = {
			isa = PBXFrameworksBuildPhase;
			buildActionMask = 2147483647;
			files = (
				03CA3FBD229A6EDA00595EAB /* Transitioning.framework in Frameworks */,
			);
			runOnlyForDeploymentPostprocessing = 0;
		};
/* End PBXFrameworksBuildPhase section */

/* Begin PBXGroup section */
		035BE8AF237D4B6800EA2C1B /* TransitioningExample */ = {
			isa = PBXGroup;
			children = (
				035BE8B0237D4B6800EA2C1B /* AppDelegate.swift */,
				035BE8B4237D4B6800EA2C1B /* ViewController.swift */,
				03275804237D748A00407204 /* BaseViewController.swift */,
				035BE8CA237D4DBE00EA2C1B /* SecondViewController.swift */,
				035BE8B9237D4B6A00EA2C1B /* Assets.xcassets */,
				035BE8BB237D4B6A00EA2C1B /* LaunchScreen.storyboard */,
				035BE8BE237D4B6A00EA2C1B /* Info.plist */,
			);
			path = TransitioningExample;
			sourceTree = "<group>";
		};
		035BE8C2237D4BFE00EA2C1B /* Frameworks */ = {
			isa = PBXGroup;
			children = (
				035BE8C8237D4D0600EA2C1B /* libobjc.tbd */,
			);
			name = Frameworks;
			sourceTree = "<group>";
		};
		03CA3FA9229A6ED900595EAB = {
			isa = PBXGroup;
			children = (
				03CA3FB5229A6EDA00595EAB /* Transitioning */,
				03CA3FC0229A6EDA00595EAB /* TransitioningTests */,
				035BE8AF237D4B6800EA2C1B /* TransitioningExample */,
				03CA3FB4229A6ED900595EAB /* Products */,
				035BE8C2237D4BFE00EA2C1B /* Frameworks */,
			);
			sourceTree = "<group>";
		};
		03CA3FB4229A6ED900595EAB /* Products */ = {
			isa = PBXGroup;
			children = (
				03CA3FB3229A6ED900595EAB /* Transitioning.framework */,
				03CA3FBC229A6EDA00595EAB /* TransitioningTests.xctest */,
				035BE8AE237D4B6800EA2C1B /* TransitioningExample.app */,
			);
			name = Products;
			sourceTree = "<group>";
		};
		03CA3FB5229A6EDA00595EAB /* Transitioning */ = {
			isa = PBXGroup;
			children = (
				03CA3FB6229A6EDA00595EAB /* Transitioning.h */,
				03CA3FCF229A6F0500595EAB /* PushAnimation.swift */,
				03CA3FD0229A6F0500595EAB /* UIView + extension.swift */,
				03CA3FCD229A6F0500595EAB /* UIViewController + Extension.swift */,
				03CA3FB7229A6EDA00595EAB /* Info.plist */,
			);
			path = Transitioning;
			sourceTree = "<group>";
		};
		03CA3FC0229A6EDA00595EAB /* TransitioningTests */ = {
			isa = PBXGroup;
			children = (
				03CA3FC1229A6EDA00595EAB /* TransitioningTests.swift */,
				03CA3FC3229A6EDA00595EAB /* Info.plist */,
			);
			path = TransitioningTests;
			sourceTree = "<group>";
		};
/* End PBXGroup section */

/* Begin PBXHeadersBuildPhase section */
		03CA3FAE229A6ED900595EAB /* Headers */ = {
			isa = PBXHeadersBuildPhase;
			buildActionMask = 2147483647;
			files = (
				03CA3FC4229A6EDA00595EAB /* Transitioning.h in Headers */,
			);
			runOnlyForDeploymentPostprocessing = 0;
		};
/* End PBXHeadersBuildPhase section */

/* Begin PBXNativeTarget section */
		035BE8AD237D4B6800EA2C1B /* TransitioningExample */ = {
			isa = PBXNativeTarget;
			buildConfigurationList = 035BE8C1237D4B6A00EA2C1B /* Build configuration list for PBXNativeTarget "TransitioningExample" */;
			buildPhases = (
				035BE8AA237D4B6800EA2C1B /* Sources */,
				035BE8AB237D4B6800EA2C1B /* Frameworks */,
				035BE8AC237D4B6800EA2C1B /* Resources */,
				03275808237E46AB00407204 /* Embed Frameworks */,
			);
			buildRules = (
			);
			dependencies = (
				035BE8C6237D4BFE00EA2C1B /* PBXTargetDependency */,
			);
			name = TransitioningExample;
			productName = TransitioningExample;
			productReference = 035BE8AE237D4B6800EA2C1B /* TransitioningExample.app */;
			productType = "com.apple.product-type.application";
		};
		03CA3FB2229A6ED900595EAB /* Transitioning */ = {
			isa = PBXNativeTarget;
			buildConfigurationList = 03CA3FC7229A6EDA00595EAB /* Build configuration list for PBXNativeTarget "Transitioning" */;
			buildPhases = (
				03CA3FAE229A6ED900595EAB /* Headers */,
				03CA3FAF229A6ED900595EAB /* Sources */,
				03CA3FB0229A6ED900595EAB /* Frameworks */,
				03CA3FB1229A6ED900595EAB /* Resources */,
				03CA3FD5229A775900595EAB /* ShellScript */,
			);
			buildRules = (
			);
			dependencies = (
			);
			name = Transitioning;
			productName = Transitioning;
			productReference = 03CA3FB3229A6ED900595EAB /* Transitioning.framework */;
			productType = "com.apple.product-type.framework";
		};
		03CA3FBB229A6EDA00595EAB /* TransitioningTests */ = {
			isa = PBXNativeTarget;
			buildConfigurationList = 03CA3FCA229A6EDA00595EAB /* Build configuration list for PBXNativeTarget "TransitioningTests" */;
			buildPhases = (
				03CA3FB8229A6EDA00595EAB /* Sources */,
				03CA3FB9229A6EDA00595EAB /* Frameworks */,
				03CA3FBA229A6EDA00595EAB /* Resources */,
			);
			buildRules = (
			);
			dependencies = (
				03CA3FBF229A6EDA00595EAB /* PBXTargetDependency */,
			);
			name = TransitioningTests;
			productName = TransitioningTests;
			productReference = 03CA3FBC229A6EDA00595EAB /* TransitioningTests.xctest */;
			productType = "com.apple.product-type.bundle.unit-test";
		};
/* End PBXNativeTarget section */

/* Begin PBXProject section */
		03CA3FAA229A6ED900595EAB /* Project object */ = {
			isa = PBXProject;
			attributes = {
				LastSwiftUpdateCheck = 1120;
				LastUpgradeCheck = 1020;
				ORGANIZATIONNAME = "王欣";
				TargetAttributes = {
					035BE8AD237D4B6800EA2C1B = {
						CreatedOnToolsVersion = 11.2.1;
					};
					03CA3FB2229A6ED900595EAB = {
						CreatedOnToolsVersion = 10.2.1;
						LastSwiftMigration = 1020;
					};
					03CA3FBB229A6EDA00595EAB = {
						CreatedOnToolsVersion = 10.2.1;
					};
				};
			};
			buildConfigurationList = 03CA3FAD229A6ED900595EAB /* Build configuration list for PBXProject "Transitioning" */;
			compatibilityVersion = "Xcode 9.3";
			developmentRegion = en;
			hasScannedForEncodings = 0;
			knownRegions = (
				en,
				Base,
			);
			mainGroup = 03CA3FA9229A6ED900595EAB;
			productRefGroup = 03CA3FB4229A6ED900595EAB /* Products */;
			projectDirPath = "";
			projectRoot = "";
			targets = (
				03CA3FB2229A6ED900595EAB /* Transitioning */,
				03CA3FBB229A6EDA00595EAB /* TransitioningTests */,
				035BE8AD237D4B6800EA2C1B /* TransitioningExample */,
			);
		};
/* End PBXProject section */

/* Begin PBXResourcesBuildPhase section */
		035BE8AC237D4B6800EA2C1B /* Resources */ = {
			isa = PBXResourcesBuildPhase;
			buildActionMask = 2147483647;
			files = (
				035BE8BD237D4B6A00EA2C1B /* LaunchScreen.storyboard in Resources */,
				035BE8BA237D4B6A00EA2C1B /* Assets.xcassets in Resources */,
			);
			runOnlyForDeploymentPostprocessing = 0;
		};
		03CA3FB1229A6ED900595EAB /* Resources */ = {
			isa = PBXResourcesBuildPhase;
			buildActionMask = 2147483647;
			files = (
			);
			runOnlyForDeploymentPostprocessing = 0;
		};
		03CA3FBA229A6EDA00595EAB /* Resources */ = {
			isa = PBXResourcesBuildPhase;
			buildActionMask = 2147483647;
			files = (
			);
			runOnlyForDeploymentPostprocessing = 0;
		};
/* End PBXResourcesBuildPhase section */

/* Begin PBXShellScriptBuildPhase section */
		03CA3FD5229A775900595EAB /* ShellScript */ = {
			isa = PBXShellScriptBuildPhase;
			buildActionMask = 2147483647;
			files = (
			);
			inputFileListPaths = (
			);
			inputPaths = (
			);
			outputFileListPaths = (
			);
			outputPaths = (
			);
			runOnlyForDeploymentPostprocessing = 0;
			shellPath = /bin/sh;
			shellScript = "
";
		};
/* End PBXShellScriptBuildPhase section */

/* Begin PBXSourcesBuildPhase section */
		035BE8AA237D4B6800EA2C1B /* Sources */ = {
			isa = PBXSourcesBuildPhase;
			buildActionMask = 2147483647;
			files = (
				035BE8CB237D4DBE00EA2C1B /* SecondViewController.swift in Sources */,
				03275805237D748A00407204 /* BaseViewController.swift in Sources */,
				035BE8B5237D4B6800EA2C1B /* ViewController.swift in Sources */,
				035BE8B1237D4B6800EA2C1B /* AppDelegate.swift in Sources */,
			);
			runOnlyForDeploymentPostprocessing = 0;
		};
		03CA3FAF229A6ED900595EAB /* Sources */ = {
			isa = PBXSourcesBuildPhase;
			buildActionMask = 2147483647;
			files = (
				0397ED29229AEF8E00493CD4 /* PushAnimation.swift in Sources */,
				0397ED2B229AEF8E00493CD4 /* UIView + extension.swift in Sources */,
				0397ED2C229AEF8E00493CD4 /* UIViewController + Extension.swift in Sources */,
			);
			runOnlyForDeploymentPostprocessing = 0;
		};
		03CA3FB8229A6EDA00595EAB /* Sources */ = {
			isa = PBXSourcesBuildPhase;
			buildActionMask = 2147483647;
			files = (
				03CA3FC2229A6EDA00595EAB /* TransitioningTests.swift in Sources */,
			);
			runOnlyForDeploymentPostprocessing = 0;
		};
/* End PBXSourcesBuildPhase section */

/* Begin PBXTargetDependency section */
		035BE8C6237D4BFE00EA2C1B /* PBXTargetDependency */ = {
			isa = PBXTargetDependency;
			target = 03CA3FB2229A6ED900595EAB /* Transitioning */;
			targetProxy = 035BE8C5237D4BFE00EA2C1B /* PBXContainerItemProxy */;
		};
		03CA3FBF229A6EDA00595EAB /* PBXTargetDependency */ = {
			isa = PBXTargetDependency;
			target = 03CA3FB2229A6ED900595EAB /* Transitioning */;
			targetProxy = 03CA3FBE229A6EDA00595EAB /* PBXContainerItemProxy */;
		};
/* End PBXTargetDependency section */

/* Begin PBXVariantGroup section */
		035BE8BB237D4B6A00EA2C1B /* LaunchScreen.storyboard */ = {
			isa = PBXVariantGroup;
			children = (
				035BE8BC237D4B6A00EA2C1B /* Base */,
			);
			name = LaunchScreen.storyboard;
			sourceTree = "<group>";
		};
/* End PBXVariantGroup section */

/* Begin XCBuildConfiguration section */
		035BE8BF237D4B6A00EA2C1B /* Debug */ = {
			isa = XCBuildConfiguration;
			buildSettings = {
				ASSETCATALOG_COMPILER_APPICON_NAME = AppIcon;
				CODE_SIGN_STYLE = Automatic;
				DEVELOPMENT_TEAM = VZFZ9L29U3;
				INFOPLIST_FILE = TransitioningExample/Info.plist;
				IPHONEOS_DEPLOYMENT_TARGET = 10.0;
				LD_RUNPATH_SEARCH_PATHS = (
					"$(inherited)",
					"@executable_path/Frameworks",
				);
				PRODUCT_BUNDLE_IDENTIFIER = com.alchemy.TransitioningExample;
				PRODUCT_NAME = "$(TARGET_NAME)";
				SWIFT_VERSION = 5.0;
				TARGETED_DEVICE_FAMILY = "1,2";
			};
			name = Debug;
		};
		035BE8C0237D4B6A00EA2C1B /* Release */ = {
			isa = XCBuildConfiguration;
			buildSettings = {
				ASSETCATALOG_COMPILER_APPICON_NAME = AppIcon;
				CODE_SIGN_STYLE = Automatic;
				DEVELOPMENT_TEAM = VZFZ9L29U3;
				INFOPLIST_FILE = TransitioningExample/Info.plist;
				IPHONEOS_DEPLOYMENT_TARGET = 10.0;
				LD_RUNPATH_SEARCH_PATHS = (
					"$(inherited)",
					"@executable_path/Frameworks",
				);
				PRODUCT_BUNDLE_IDENTIFIER = com.alchemy.TransitioningExample;
				PRODUCT_NAME = "$(TARGET_NAME)";
				SWIFT_VERSION = 5.0;
				TARGETED_DEVICE_FAMILY = "1,2";
			};
			name = Release;
		};
		03CA3FC5229A6EDA00595EAB /* Debug */ = {
			isa = XCBuildConfiguration;
			buildSettings = {
				ALWAYS_SEARCH_USER_PATHS = NO;
				CLANG_ANALYZER_NONNULL = YES;
				CLANG_ANALYZER_NUMBER_OBJECT_CONVERSION = YES_AGGRESSIVE;
				CLANG_CXX_LANGUAGE_STANDARD = "gnu++14";
				CLANG_CXX_LIBRARY = "libc++";
				CLANG_ENABLE_MODULES = YES;
				CLANG_ENABLE_OBJC_ARC = YES;
				CLANG_ENABLE_OBJC_WEAK = YES;
				CLANG_WARN_BLOCK_CAPTURE_AUTORELEASING = YES;
				CLANG_WARN_BOOL_CONVERSION = YES;
				CLANG_WARN_COMMA = YES;
				CLANG_WARN_CONSTANT_CONVERSION = YES;
				CLANG_WARN_DEPRECATED_OBJC_IMPLEMENTATIONS = YES;
				CLANG_WARN_DIRECT_OBJC_ISA_USAGE = YES_ERROR;
				CLANG_WARN_DOCUMENTATION_COMMENTS = YES;
				CLANG_WARN_EMPTY_BODY = YES;
				CLANG_WARN_ENUM_CONVERSION = YES;
				CLANG_WARN_INFINITE_RECURSION = YES;
				CLANG_WARN_INT_CONVERSION = YES;
				CLANG_WARN_NON_LITERAL_NULL_CONVERSION = YES;
				CLANG_WARN_OBJC_IMPLICIT_RETAIN_SELF = YES;
				CLANG_WARN_OBJC_LITERAL_CONVERSION = YES;
				CLANG_WARN_OBJC_ROOT_CLASS = YES_ERROR;
				CLANG_WARN_RANGE_LOOP_ANALYSIS = YES;
				CLANG_WARN_STRICT_PROTOTYPES = YES;
				CLANG_WARN_SUSPICIOUS_MOVE = YES;
				CLANG_WARN_UNGUARDED_AVAILABILITY = YES_AGGRESSIVE;
				CLANG_WARN_UNREACHABLE_CODE = YES;
				CLANG_WARN__DUPLICATE_METHOD_MATCH = YES;
				CODE_SIGN_IDENTITY = "iPhone Developer";
				COPY_PHASE_STRIP = NO;
				CURRENT_PROJECT_VERSION = 1;
				DEBUG_INFORMATION_FORMAT = dwarf;
				ENABLE_STRICT_OBJC_MSGSEND = YES;
				ENABLE_TESTABILITY = YES;
				GCC_C_LANGUAGE_STANDARD = gnu11;
				GCC_DYNAMIC_NO_PIC = NO;
				GCC_NO_COMMON_BLOCKS = YES;
				GCC_OPTIMIZATION_LEVEL = 0;
				GCC_PREPROCESSOR_DEFINITIONS = (
					"DEBUG=1",
					"$(inherited)",
				);
				GCC_WARN_64_TO_32_BIT_CONVERSION = YES;
				GCC_WARN_ABOUT_RETURN_TYPE = YES_ERROR;
				GCC_WARN_UNDECLARED_SELECTOR = YES;
				GCC_WARN_UNINITIALIZED_AUTOS = YES_AGGRESSIVE;
				GCC_WARN_UNUSED_FUNCTION = YES;
				GCC_WARN_UNUSED_VARIABLE = YES;
				IPHONEOS_DEPLOYMENT_TARGET = 10.0;
				MTL_ENABLE_DEBUG_INFO = INCLUDE_SOURCE;
				MTL_FAST_MATH = YES;
				ONLY_ACTIVE_ARCH = YES;
				SDKROOT = iphoneos;
				SWIFT_ACTIVE_COMPILATION_CONDITIONS = DEBUG;
				SWIFT_OPTIMIZATION_LEVEL = "-Onone";
				VERSIONING_SYSTEM = "apple-generic";
				VERSION_INFO_PREFIX = "";
			};
			name = Debug;
		};
		03CA3FC6229A6EDA00595EAB /* Release */ = {
			isa = XCBuildConfiguration;
			buildSettings = {
				ALWAYS_SEARCH_USER_PATHS = NO;
				CLANG_ANALYZER_NONNULL = YES;
				CLANG_ANALYZER_NUMBER_OBJECT_CONVERSION = YES_AGGRESSIVE;
				CLANG_CXX_LANGUAGE_STANDARD = "gnu++14";
				CLANG_CXX_LIBRARY = "libc++";
				CLANG_ENABLE_MODULES = YES;
				CLANG_ENABLE_OBJC_ARC = YES;
				CLANG_ENABLE_OBJC_WEAK = YES;
				CLANG_WARN_BLOCK_CAPTURE_AUTORELEASING = YES;
				CLANG_WARN_BOOL_CONVERSION = YES;
				CLANG_WARN_COMMA = YES;
				CLANG_WARN_CONSTANT_CONVERSION = YES;
				CLANG_WARN_DEPRECATED_OBJC_IMPLEMENTATIONS = YES;
				CLANG_WARN_DIRECT_OBJC_ISA_USAGE = YES_ERROR;
				CLANG_WARN_DOCUMENTATION_COMMENTS = YES;
				CLANG_WARN_EMPTY_BODY = YES;
				CLANG_WARN_ENUM_CONVERSION = YES;
				CLANG_WARN_INFINITE_RECURSION = YES;
				CLANG_WARN_INT_CONVERSION = YES;
				CLANG_WARN_NON_LITERAL_NULL_CONVERSION = YES;
				CLANG_WARN_OBJC_IMPLICIT_RETAIN_SELF = YES;
				CLANG_WARN_OBJC_LITERAL_CONVERSION = YES;
				CLANG_WARN_OBJC_ROOT_CLASS = YES_ERROR;
				CLANG_WARN_RANGE_LOOP_ANALYSIS = YES;
				CLANG_WARN_STRICT_PROTOTYPES = YES;
				CLANG_WARN_SUSPICIOUS_MOVE = YES;
				CLANG_WARN_UNGUARDED_AVAILABILITY = YES_AGGRESSIVE;
				CLANG_WARN_UNREACHABLE_CODE = YES;
				CLANG_WARN__DUPLICATE_METHOD_MATCH = YES;
				CODE_SIGN_IDENTITY = "iPhone Developer";
				COPY_PHASE_STRIP = NO;
				CURRENT_PROJECT_VERSION = 1;
				DEBUG_INFORMATION_FORMAT = "dwarf-with-dsym";
				ENABLE_NS_ASSERTIONS = NO;
				ENABLE_STRICT_OBJC_MSGSEND = YES;
				GCC_C_LANGUAGE_STANDARD = gnu11;
				GCC_NO_COMMON_BLOCKS = YES;
				GCC_WARN_64_TO_32_BIT_CONVERSION = YES;
				GCC_WARN_ABOUT_RETURN_TYPE = YES_ERROR;
				GCC_WARN_UNDECLARED_SELECTOR = YES;
				GCC_WARN_UNINITIALIZED_AUTOS = YES_AGGRESSIVE;
				GCC_WARN_UNUSED_FUNCTION = YES;
				GCC_WARN_UNUSED_VARIABLE = YES;
				IPHONEOS_DEPLOYMENT_TARGET = 10.0;
				MTL_ENABLE_DEBUG_INFO = NO;
				MTL_FAST_MATH = YES;
				SDKROOT = iphoneos;
				SWIFT_COMPILATION_MODE = wholemodule;
				SWIFT_OPTIMIZATION_LEVEL = "-O";
				VALIDATE_PRODUCT = YES;
				VERSIONING_SYSTEM = "apple-generic";
				VERSION_INFO_PREFIX = "";
			};
			name = Release;
		};
		03CA3FC8229A6EDA00595EAB /* Debug */ = {
			isa = XCBuildConfiguration;
			buildSettings = {
				CLANG_ENABLE_MODULES = YES;
				CODE_SIGN_IDENTITY = "";
				CODE_SIGN_STYLE = Automatic;
				DEAD_CODE_STRIPPING = NO;
				DEFINES_MODULE = YES;
				DEVELOPMENT_TEAM = W44CA6783Q;
				DYLIB_COMPATIBILITY_VERSION = 1;
				DYLIB_CURRENT_VERSION = 1;
				DYLIB_INSTALL_NAME_BASE = "@rpath";
				INFOPLIST_FILE = Transitioning/Info.plist;
				INSTALL_PATH = "$(LOCAL_LIBRARY_DIR)/Frameworks";
				IPHONEOS_DEPLOYMENT_TARGET = 10.0;
				LD_RUNPATH_SEARCH_PATHS = (
					"$(inherited)",
					"@executable_path/Frameworks",
					"@loader_path/Frameworks",
				);
				MACH_O_TYPE = mh_dylib;
				ONLY_ACTIVE_ARCH = YES;
				PRODUCT_BUNDLE_IDENTIFIER = miaomiao.Transitioning;
				PRODUCT_NAME = "$(TARGET_NAME:c99extidentifier)";
				SKIP_INSTALL = YES;
				SWIFT_OPTIMIZATION_LEVEL = "-Onone";
				SWIFT_VERSION = 5.0;
				TARGETED_DEVICE_FAMILY = "1,2";
			};
			name = Debug;
		};
		03CA3FC9229A6EDA00595EAB /* Release */ = {
			isa = XCBuildConfiguration;
			buildSettings = {
				CLANG_ENABLE_MODULES = YES;
				CODE_SIGN_IDENTITY = "";
				CODE_SIGN_STYLE = Automatic;
				DEAD_CODE_STRIPPING = NO;
				DEFINES_MODULE = YES;
				DEVELOPMENT_TEAM = W44CA6783Q;
				DYLIB_COMPATIBILITY_VERSION = 1;
				DYLIB_CURRENT_VERSION = 1;
				DYLIB_INSTALL_NAME_BASE = "@rpath";
				INFOPLIST_FILE = Transitioning/Info.plist;
				INSTALL_PATH = "$(LOCAL_LIBRARY_DIR)/Frameworks";
				IPHONEOS_DEPLOYMENT_TARGET = 10.0;
				LD_RUNPATH_SEARCH_PATHS = (
					"$(inherited)",
					"@executable_path/Frameworks",
					"@loader_path/Frameworks",
				);
				MACH_O_TYPE = mh_dylib;
				ONLY_ACTIVE_ARCH = YES;
				PRODUCT_BUNDLE_IDENTIFIER = miaomiao.Transitioning;
				PRODUCT_NAME = "$(TARGET_NAME:c99extidentifier)";
				SKIP_INSTALL = YES;
				SWIFT_VERSION = 5.0;
				TARGETED_DEVICE_FAMILY = "1,2";
			};
			name = Release;
		};
		03CA3FCB229A6EDA00595EAB /* Debug */ = {
			isa = XCBuildConfiguration;
			buildSettings = {
				ALWAYS_EMBED_SWIFT_STANDARD_LIBRARIES = YES;
				CODE_SIGN_STYLE = Automatic;
				DEVELOPMENT_TEAM = W44CA6783Q;
				INFOPLIST_FILE = TransitioningTests/Info.plist;
				LD_RUNPATH_SEARCH_PATHS = (
					"$(inherited)",
					"@executable_path/Frameworks",
					"@loader_path/Frameworks",
				);
				PRODUCT_BUNDLE_IDENTIFIER = miaomiao.TransitioningTests;
				PRODUCT_NAME = "$(TARGET_NAME)";
				SWIFT_VERSION = 5.0;
				TARGETED_DEVICE_FAMILY = "1,2";
			};
			name = Debug;
		};
		03CA3FCC229A6EDA00595EAB /* Release */ = {
			isa = XCBuildConfiguration;
			buildSettings = {
				ALWAYS_EMBED_SWIFT_STANDARD_LIBRARIES = YES;
				CODE_SIGN_STYLE = Automatic;
				DEVELOPMENT_TEAM = W44CA6783Q;
				INFOPLIST_FILE = TransitioningTests/Info.plist;
				LD_RUNPATH_SEARCH_PATHS = (
					"$(inherited)",
					"@executable_path/Frameworks",
					"@loader_path/Frameworks",
				);
				PRODUCT_BUNDLE_IDENTIFIER = miaomiao.TransitioningTests;
				PRODUCT_NAME = "$(TARGET_NAME)";
				SWIFT_VERSION = 5.0;
				TARGETED_DEVICE_FAMILY = "1,2";
			};
			name = Release;
		};
/* End XCBuildConfiguration section */

/* Begin XCConfigurationList section */
		035BE8C1237D4B6A00EA2C1B /* Build configuration list for PBXNativeTarget "TransitioningExample" */ = {
			isa = XCConfigurationList;
			buildConfigurations = (
				035BE8BF237D4B6A00EA2C1B /* Debug */,
				035BE8C0237D4B6A00EA2C1B /* Release */,
			);
			defaultConfigurationIsVisible = 0;
			defaultConfigurationName = Release;
		};
		03CA3FAD229A6ED900595EAB /* Build configuration list for PBXProject "Transitioning" */ = {
			isa = XCConfigurationList;
			buildConfigurations = (
				03CA3FC5229A6EDA00595EAB /* Debug */,
				03CA3FC6229A6EDA00595EAB /* Release */,
			);
			defaultConfigurationIsVisible = 0;
			defaultConfigurationName = Release;
		};
		03CA3FC7229A6EDA00595EAB /* Build configuration list for PBXNativeTarget "Transitioning" */ = {
			isa = XCConfigurationList;
			buildConfigurations = (
				03CA3FC8229A6EDA00595EAB /* Debug */,
				03CA3FC9229A6EDA00595EAB /* Release */,
			);
			defaultConfigurationIsVisible = 0;
			defaultConfigurationName = Release;
		};
		03CA3FCA229A6EDA00595EAB /* Build configuration list for PBXNativeTarget "TransitioningTests" */ = {
			isa = XCConfigurationList;
			buildConfigurations = (
				03CA3FCB229A6EDA00595EAB /* Debug */,
				03CA3FCC229A6EDA00595EAB /* Release */,
			);
			defaultConfigurationIsVisible = 0;
			defaultConfigurationName = Release;
		};
/* End XCConfigurationList section */
	};
	rootObject = 03CA3FAA229A6ED900595EAB /* Project object */;
}
